
Microsoft Visual Studio Solution File, Format Version 12.00
# Visual Studio 15
VisualStudioVersion = 15.0.27130.2010
MinimumVisualStudioVersion = 10.0.40219.1
Project("{2150E333-8FDC-42A3-9474-1A3956D46DE8}") = "src", "src", "{A2D845AB-842C-483D-BB12-C7073EC9BED9}"
EndProject
Project("{2150E333-8FDC-42A3-9474-1A3956D46DE8}") = "samples", "samples", "{CEDA65C8-41CD-4343-B04A-67764FC815DE}"
EndProject
Project("{2150E333-8FDC-42A3-9474-1A3956D46DE8}") = "test", "test", "{E9B7DCD5-F801-4FEC-86B0-A33ECABB4C76}"
EndProject
Project("{FAE04EC0-301F-11D3-BF4B-00C04F79EFBC}") = "ConsulServiceWrapper.Net45", "src\ConsulServiceWrapper\ConsulServiceWrapper.Net45.csproj", "{3D6A46E9-704A-4278-8AF5-829C61F59A94}"
EndProject
Global
	GlobalSection(SolutionConfigurationPlatforms) = preSolution
		Debug|Any CPU = Debug|Any CPU
		Release|Any CPU = Release|Any CPU
	EndGlobalSection
	GlobalSection(ProjectConfigurationPlatforms) = postSolution
		{3D6A46E9-704A-4278-8AF5-829C61F59A94}.Debug|Any CPU.ActiveCfg = Debug|Any CPU
		{3D6A46E9-704A-4278-8AF5-829C61F59A94}.Debug|Any CPU.Build.0 = Debug|Any CPU
		{3D6A46E9-704A-4278-8AF5-829C61F59A94}.Release|Any CPU.ActiveCfg = Release|Any CPU
		{3D6A46E9-704A-4278-8AF5-829C61F59A94}.Release|Any CPU.Build.0 = Release|Any CPU
	EndGlobalSection
	GlobalSection(SolutionProperties) = preSolution
		HideSolutionNode = FALSE
	EndGlobalSection
	GlobalSection(NestedProjects) = preSolution
		{3D6A46E9-704A-4278-8AF5-829C61F59A94} = {A2D845AB-842C-483D-BB12-C7073EC9BED9}
	EndGlobalSection
	GlobalSection(ExtensibilityGlobals) = postSolution
		SolutionGuid = {9ADFD665-9376-4241-8C76-4ECDAA19100A}
	EndGlobalSection
EndGlobal
